
Microsoft Visual Studio Solution File, Format Version 12.00
# Visual Studio Version 17
VisualStudioVersion = 17.1.32421.90
MinimumVisualStudioVersion = 10.0.40219.1
Project("{8BC9CEB8-8B4A-11D0-8D11-00A0C91BC942}") = "book193Practice", "book193Practice\book193Practice.vcxproj", "{CE2D874B-D78A-42D4-96FD-791C9991DAA6}"
EndProject
Global
	GlobalSection(SolutionConfigurationPlatforms) = preSolution
		Debug|x64 = Debug|x64
		Debug|x86 = Debug|x86
		Release|x64 = Release|x64
		Release|x86 = Release|x86
	EndGlobalSection
	GlobalSection(ProjectConfigurationPlatforms) = postSolution
		{CE2D874B-D78A-42D4-96FD-791C9991DAA6}.Debug|x64.ActiveCfg = Debug|x64
		{CE2D874B-D78A-42D4-96FD-791C9991DAA6}.Debug|x64.Build.0 = Debug|x64
		{CE2D874B-D78A-42D4-96FD-791C9991DAA6}.Debug|x86.ActiveCfg = Debug|Win32
		{CE2D874B-D78A-42D4-96FD-791C9991DAA6}.Debug|x86.Build.0 = Debug|Win32
		{CE2D874B-D78A-42D4-96FD-791C9991DAA6}.Release|x64.ActiveCfg = Release|x64
		{CE2D874B-D78A-42D4-96FD-791C9991DAA6}.Release|x64.Build.0 = Release|x64
		{CE2D874B-D78A-42D4-96FD-791C9991DAA6}.Release|x86.ActiveCfg = Release|Win32
		{CE2D874B-D78A-42D4-96FD-791C9991DAA6}.Release|x86.Build.0 = Release|Win32
	EndGlobalSection
	GlobalSection(SolutionProperties) = preSolution
		HideSolutionNode = FALSE
	EndGlobalSection
	GlobalSection(ExtensibilityGlobals) = postSolution
		SolutionGuid = {0719FD02-DEDE-41E4-BB7D-D8BFFBEA6FC1}
	EndGlobalSection
EndGlobal
